PODS:
  - Alamofire (4.7.3)
  - BGPaySDK (1.1.0):
    - Alamofire
    - CryptoSwift
  - CryptoSwift (0.13.0)

DEPENDENCIES:
  - BGPaySDK (from `../`)

SPEC REPOS:
  https://github.com/cocoapods/specs.git:
    - Alamofire
    - CryptoSwift

EXTERNAL SOURCES:
  BGPaySDK:
    :path: "../"

SPEC CHECKSUMS:
  Alamofire: c7287b6e5d7da964a70935e5db17046b7fde6568
  BGPaySDK: 000c88d15e0ee3b713e82b38a4e4025fc68a3f74
  CryptoSwift: 16e78bebf567bad1c87b2d58f6547f25b74c31aa

PODFILE CHECKSUM: 2dc1b0132fc8f99affef2068e8481857be6e2d23

COCOAPODS: 1.5.3
